
Microsoft Visual Studio Solution File, Format Version 12.00
# Visual Studio 15
VisualStudioVersion = 15.0.27703.2026
MinimumVisualStudioVersion = 10.0.40219.1
Project("{FAE04EC0-301F-11D3-BF4B-00C04F79EFBC}") = "UserDemo.Xamarin.Android", "UserDemo.Xamarin\UserDemo.Xamarin.Android\UserDemo.Xamarin.Android.csproj", "{51C73058-5547-4B67-B8CA-59E048DCE096}"
EndProject
Project("{FAE04EC0-301F-11D3-BF4B-00C04F79EFBC}") = "UserDemo.Xamarin.iOS", "UserDemo.Xamarin\UserDemo.Xamarin.iOS\UserDemo.Xamarin.iOS.csproj", "{E4397A09-62E8-4198-B69B-BA40F106EF35}"
EndProject
Project("{9A19103F-16F7-4668-BE54-9A1E7A4F7556}") = "UserDemo.Xamarin", "UserDemo.Xamarin\UserDemo.Xamarin\UserDemo.Xamarin.csproj", "{D8007986-0379-4009-901E-E4BBCF8F0C1C}"
EndProject
Project("{FAE04EC0-301F-11D3-BF4B-00C04F79EFBC}") = "UserDemo.Test1", "UserDemo.Test1\UserDemo.Test1.csproj", "{A9FA5789-200A-4F1B-88CC-B4811448F48F}"
EndProject
Global
	GlobalSection(SolutionConfigurationPlatforms) = preSolution
		Ad-Hoc|Any CPU = Ad-Hoc|Any CPU
		Ad-Hoc|iPhone = Ad-Hoc|iPhone
		Ad-Hoc|iPhoneSimulator = Ad-Hoc|iPhoneSimulator
		AppStore|Any CPU = AppStore|Any CPU
		AppStore|iPhone = AppStore|iPhone
		AppStore|iPhoneSimulator = AppStore|iPhoneSimulator
		Debug|Any CPU = Debug|Any CPU
		Debug|iPhone = Debug|iPhone
		Debug|iPhoneSimulator = Debug|iPhoneSimulator
		Release|Any CPU = Release|Any CPU
		Release|iPhone = Release|iPhone
		Release|iPhoneSimulator = Release|iPhoneSimulator
	EndGlobalSection
	GlobalSection(ProjectConfigurationPlatforms) = postSolution
		{51C73058-5547-4B67-B8CA-59E048DCE096}.Ad-Hoc|Any CPU.ActiveCfg = Release|Any CPU
		{51C73058-5547-4B67-B8CA-59E048DCE096}.Ad-Hoc|Any CPU.Build.0 = Release|Any CPU
		{51C73058-5547-4B67-B8CA-59E048DCE096}.Ad-Hoc|Any CPU.Deploy.0 = Release|Any CPU
		{51C73058-5547-4B67-B8CA-59E048DCE096}.Ad-Hoc|iPhone.ActiveCfg = Release|Any CPU
		{51C73058-5547-4B67-B8CA-59E048DCE096}.Ad-Hoc|iPhone.Build.0 = Release|Any CPU
		{51C73058-5547-4B67-B8CA-59E048DCE096}.Ad-Hoc|iPhone.Deploy.0 = Release|Any CPU
		{51C73058-5547-4B67-B8CA-59E048DCE096}.Ad-Hoc|iPhoneSimulator.ActiveCfg = Release|Any CPU
		{51C73058-5547-4B67-B8CA-59E048DCE096}.Ad-Hoc|iPhoneSimulator.Build.0 = Release|Any CPU
		{51C73058-5547-4B67-B8CA-59E048DCE096}.Ad-Hoc|iPhoneSimulator.Deploy.0 = Release|Any CPU
		{51C73058-5547-4B67-B8CA-59E048DCE096}.AppStore|Any CPU.ActiveCfg = Release|Any CPU
		{51C73058-5547-4B67-B8CA-59E048DCE096}.AppStore|Any CPU.Build.0 = Release|Any CPU
		{51C73058-5547-4B67-B8CA-59E048DCE096}.AppStore|Any CPU.Deploy.0 = Release|Any CPU
		{51C73058-5547-4B67-B8CA-59E048DCE096}.AppStore|iPhone.ActiveCfg = Release|Any CPU
		{51C73058-5547-4B67-B8CA-59E048DCE096}.AppStore|iPhone.Build.0 = Release|Any CPU
		{51C73058-5547-4B67-B8CA-59E048DCE096}.AppStore|iPhone.Deploy.0 = Release|Any CPU
		{51C73058-5547-4B67-B8CA-59E048DCE096}.AppStore|iPhoneSimulator.ActiveCfg = Release|Any CPU
		{51C73058-5547-4B67-B8CA-59E048DCE096}.AppStore|iPhoneSimulator.Build.0 = Release|Any CPU
		{51C73058-5547-4B67-B8CA-59E048DCE096}.AppStore|iPhoneSimulator.Deploy.0 = Release|Any CPU
		{51C73058-5547-4B67-B8CA-59E048DCE096}.Debug|Any CPU.ActiveCfg = Debug|Any CPU
		{51C73058-5547-4B67-B8CA-59E048DCE096}.Debug|Any CPU.Build.0 = Debug|Any CPU
		{51C73058-5547-4B67-B8CA-59E048DCE096}.Debug|Any CPU.Deploy.0 = Debug|Any CPU
		{51C73058-5547-4B67-B8CA-59E048DCE096}.Debug|iPhone.ActiveCfg = Debug|Any CPU
		{51C73058-5547-4B67-B8CA-59E048DCE096}.Debug|iPhone.Build.0 = Debug|Any CPU
		{51C73058-5547-4B67-B8CA-59E048DCE096}.Debug|iPhone.Deploy.0 = Debug|Any CPU
		{51C73058-5547-4B67-B8CA-59E048DCE096}.Debug|iPhoneSimulator.ActiveCfg = Debug|Any CPU
		{51C73058-5547-4B67-B8CA-59E048DCE096}.Debug|iPhoneSimulator.Build.0 = Debug|Any CPU
		{51C73058-5547-4B67-B8CA-59E048DCE096}.Debug|iPhoneSimulator.Deploy.0 = Debug|Any CPU
		{51C73058-5547-4B67-B8CA-59E048DCE096}.Release|Any CPU.ActiveCfg = Release|Any CPU
		{51C73058-5547-4B67-B8CA-59E048DCE096}.Release|Any CPU.Build.0 = Release|Any CPU
		{51C73058-5547-4B67-B8CA-59E048DCE096}.Release|Any CPU.Deploy.0 = Release|Any CPU
		{51C73058-5547-4B67-B8CA-59E048DCE096}.Release|iPhone.ActiveCfg = Release|Any CPU
		{51C73058-5547-4B67-B8CA-59E048DCE096}.Release|iPhone.Build.0 = Release|Any CPU
		{51C73058-5547-4B67-B8CA-59E048DCE096}.Release|iPhone.Deploy.0 = Release|Any CPU
		{51C73058-5547-4B67-B8CA-59E048DCE096}.Release|iPhoneSimulator.ActiveCfg = Release|Any CPU
		{51C73058-5547-4B67-B8CA-59E048DCE096}.Release|iPhoneSimulator.Build.0 = Release|Any CPU
		{51C73058-5547-4B67-B8CA-59E048DCE096}.Release|iPhoneSimulator.Deploy.0 = Release|Any CPU
		{E4397A09-62E8-4198-B69B-BA40F106EF35}.Ad-Hoc|Any CPU.ActiveCfg = Ad-Hoc|iPhone
		{E4397A09-62E8-4198-B69B-BA40F106EF35}.Ad-Hoc|Any CPU.Build.0 = Ad-Hoc|iPhone
		{E4397A09-62E8-4198-B69B-BA40F106EF35}.Ad-Hoc|Any CPU.Deploy.0 = Ad-Hoc|iPhone
		{E4397A09-62E8-4198-B69B-BA40F106EF35}.Ad-Hoc|iPhone.ActiveCfg = Ad-Hoc|iPhone
		{E4397A09-62E8-4198-B69B-BA40F106EF35}.Ad-Hoc|iPhone.Build.0 = Ad-Hoc|iPhone
		{E4397A09-62E8-4198-B69B-BA40F106EF35}.Ad-Hoc|iPhone.Deploy.0 = Ad-Hoc|iPhone
		{E4397A09-62E8-4198-B69B-BA40F106EF35}.Ad-Hoc|iPhoneSimulator.ActiveCfg = Ad-Hoc|iPhoneSimulator
		{E4397A09-62E8-4198-B69B-BA40F106EF35}.Ad-Hoc|iPhoneSimulator.Build.0 = Ad-Hoc|iPhoneSimulator
		{E4397A09-62E8-4198-B69B-BA40F106EF35}.Ad-Hoc|iPhoneSimulator.Deploy.0 = Ad-Hoc|iPhoneSimulator
		{E4397A09-62E8-4198-B69B-BA40F106EF35}.AppStore|Any CPU.ActiveCfg = AppStore|iPhone
		{E4397A09-62E8-4198-B69B-BA40F106EF35}.AppStore|Any CPU.Build.0 = AppStore|iPhone
		{E4397A09-62E8-4198-B69B-BA40F106EF35}.AppStore|Any CPU.Deploy.0 = AppStore|iPhone
		{E4397A09-62E8-4198-B69B-BA40F106EF35}.AppStore|iPhone.ActiveCfg = AppStore|iPhone
		{E4397A09-62E8-4198-B69B-BA40F106EF35}.AppStore|iPhone.Build.0 = AppStore|iPhone
		{E4397A09-62E8-4198-B69B-BA40F106EF35}.AppStore|iPhone.Deploy.0 = AppStore|iPhone
		{E4397A09-62E8-4198-B69B-BA40F106EF35}.AppStore|iPhoneSimulator.ActiveCfg = AppStore|iPhoneSimulator
		{E4397A09-62E8-4198-B69B-BA40F106EF35}.AppStore|iPhoneSimulator.Build.0 = AppStore|iPhoneSimulator
		{E4397A09-62E8-4198-B69B-BA40F106EF35}.AppStore|iPhoneSimulator.Deploy.0 = AppStore|iPhoneSimulator
		{E4397A09-62E8-4198-B69B-BA40F106EF35}.Debug|Any CPU.ActiveCfg = Debug|iPhoneSimulator
		{E4397A09-62E8-4198-B69B-BA40F106EF35}.Debug|Any CPU.Build.0 = Debug|iPhoneSimulator
		{E4397A09-62E8-4198-B69B-BA40F106EF35}.Debug|Any CPU.Deploy.0 = Debug|iPhoneSimulator
		{E4397A09-62E8-4198-B69B-BA40F106EF35}.Debug|iPhone.ActiveCfg = Debug|iPhone
		{E4397A09-62E8-4198-B69B-BA40F106EF35}.Debug|iPhone.Build.0 = Debug|iPhone
		{E4397A09-62E8-4198-B69B-BA40F106EF35}.Debug|iPhone.Deploy.0 = Debug|iPhone
		{E4397A09-62E8-4198-B69B-BA40F106EF35}.Debug|iPhoneSimulator.ActiveCfg = Debug|iPhoneSimulator
		{E4397A09-62E8-4198-B69B-BA40F106EF35}.Debug|iPhoneSimulator.Build.0 = Debug|iPhoneSimulator
		{E4397A09-62E8-4198-B69B-BA40F106EF35}.Debug|iPhoneSimulator.Deploy.0 = Debug|iPhoneSimulator
		{E4397A09-62E8-4198-B69B-BA40F106EF35}.Release|Any CPU.ActiveCfg = Release|iPhone
		{E4397A09-62E8-4198-B69B-BA40F106EF35}.Release|Any CPU.Build.0 = Release|iPhone
		{E4397A09-62E8-4198-B69B-BA40F106EF35}.Release|Any CPU.Deploy.0 = Release|iPhone
		{E4397A09-62E8-4198-B69B-BA40F106EF35}.Release|iPhone.ActiveCfg = Release|iPhone
		{E4397A09-62E8-4198-B69B-BA40F106EF35}.Release|iPhone.Build.0 = Release|iPhone
		{E4397A09-62E8-4198-B69B-BA40F106EF35}.Release|iPhone.Deploy.0 = Release|iPhone
		{E4397A09-62E8-4198-B69B-BA40F106EF35}.Release|iPhoneSimulator.ActiveCfg = Release|iPhoneSimulator
		{E4397A09-62E8-4198-B69B-BA40F106EF35}.Release|iPhoneSimulator.Build.0 = Release|iPhoneSimulator
		{E4397A09-62E8-4198-B69B-BA40F106EF35}.Release|iPhoneSimulator.Deploy.0 = Release|iPhoneSimulator
		{D8007986-0379-4009-901E-E4BBCF8F0C1C}.Ad-Hoc|Any CPU.ActiveCfg = Debug|Any CPU
		{D8007986-0379-4009-901E-E4BBCF8F0C1C}.Ad-Hoc|Any CPU.Build.0 = Debug|Any CPU
		{D8007986-0379-4009-901E-E4BBCF8F0C1C}.Ad-Hoc|Any CPU.Deploy.0 = Debug|Any CPU
		{D8007986-0379-4009-901E-E4BBCF8F0C1C}.Ad-Hoc|iPhone.ActiveCfg = Debug|Any CPU
		{D8007986-0379-4009-901E-E4BBCF8F0C1C}.Ad-Hoc|iPhone.Build.0 = Debug|Any CPU
		{D8007986-0379-4009-901E-E4BBCF8F0C1C}.Ad-Hoc|iPhone.Deploy.0 = Debug|Any CPU
		{D8007986-0379-4009-901E-E4BBCF8F0C1C}.Ad-Hoc|iPhoneSimulator.ActiveCfg = Debug|Any CPU
		{D8007986-0379-4009-901E-E4BBCF8F0C1C}.Ad-Hoc|iPhoneSimulator.Build.0 = Debug|Any CPU
		{D8007986-0379-4009-901E-E4BBCF8F0C1C}.Ad-Hoc|iPhoneSimulator.Deploy.0 = Debug|Any CPU
		{D8007986-0379-4009-901E-E4BBCF8F0C1C}.AppStore|Any CPU.ActiveCfg = Debug|Any CPU
		{D8007986-0379-4009-901E-E4BBCF8F0C1C}.AppStore|Any CPU.Build.0 = Debug|Any CPU
		{D8007986-0379-4009-901E-E4BBCF8F0C1C}.AppStore|Any CPU.Deploy.0 = Debug|Any CPU
		{D8007986-0379-4009-901E-E4BBCF8F0C1C}.AppStore|iPhone.ActiveCfg = Debug|Any CPU
		{D8007986-0379-4009-901E-E4BBCF8F0C1C}.AppStore|iPhone.Build.0 = Debug|Any CPU
		{D8007986-0379-4009-901E-E4BBCF8F0C1C}.AppStore|iPhone.Deploy.0 = Debug|Any CPU
		{D8007986-0379-4009-901E-E4BBCF8F0C1C}.AppStore|iPhoneSimulator.ActiveCfg = Debug|Any CPU
		{D8007986-0379-4009-901E-E4BBCF8F0C1C}.AppStore|iPhoneSimulator.Build.0 = Debug|Any CPU
		{D8007986-0379-4009-901E-E4BBCF8F0C1C}.AppStore|iPhoneSimulator.Deploy.0 = Debug|Any CPU
		{D8007986-0379-4009-901E-E4BBCF8F0C1C}.Debug|Any CPU.ActiveCfg = Debug|Any CPU
		{D8007986-0379-4009-901E-E4BBCF8F0C1C}.Debug|Any CPU.Build.0 = Debug|Any CPU
		{D8007986-0379-4009-901E-E4BBCF8F0C1C}.Debug|Any CPU.Deploy.0 = Debug|Any CPU
		{D8007986-0379-4009-901E-E4BBCF8F0C1C}.Debug|iPhone.ActiveCfg = Debug|Any CPU
		{D8007986-0379-4009-901E-E4BBCF8F0C1C}.Debug|iPhone.Build.0 = Debug|Any CPU
		{D8007986-0379-4009-901E-E4BBCF8F0C1C}.Debug|iPhone.Deploy.0 = Debug|Any CPU
		{D8007986-0379-4009-901E-E4BBCF8F0C1C}.Debug|iPhoneSimulator.ActiveCfg = Debug|Any CPU
		{D8007986-0379-4009-901E-E4BBCF8F0C1C}.Debug|iPhoneSimulator.Build.0 = Debug|Any CPU
		{D8007986-0379-4009-901E-E4BBCF8F0C1C}.Debug|iPhoneSimulator.Deploy.0 = Debug|Any CPU
		{D8007986-0379-4009-901E-E4BBCF8F0C1C}.Release|Any CPU.ActiveCfg = Release|Any CPU
		{D8007986-0379-4009-901E-E4BBCF8F0C1C}.Release|Any CPU.Build.0 = Release|Any CPU
		{D8007986-0379-4009-901E-E4BBCF8F0C1C}.Release|Any CPU.Deploy.0 = Release|Any CPU
		{D8007986-0379-4009-901E-E4BBCF8F0C1C}.Release|iPhone.ActiveCfg = Release|Any CPU
		{D8007986-0379-4009-901E-E4BBCF8F0C1C}.Release|iPhone.Build.0 = Release|Any CPU
		{D8007986-0379-4009-901E-E4BBCF8F0C1C}.Release|iPhone.Deploy.0 = Release|Any CPU
		{D8007986-0379-4009-901E-E4BBCF8F0C1C}.Release|iPhoneSimulator.ActiveCfg = Release|Any CPU
		{D8007986-0379-4009-901E-E4BBCF8F0C1C}.Release|iPhoneSimulator.Build.0 = Release|Any CPU
		{D8007986-0379-4009-901E-E4BBCF8F0C1C}.Release|iPhoneSimulator.Deploy.0 = Release|Any CPU
		{A9FA5789-200A-4F1B-88CC-B4811448F48F}.Ad-Hoc|Any CPU.ActiveCfg = Release|Any CPU
		{A9FA5789-200A-4F1B-88CC-B4811448F48F}.Ad-Hoc|Any CPU.Build.0 = Release|Any CPU
		{A9FA5789-200A-4F1B-88CC-B4811448F48F}.Ad-Hoc|iPhone.ActiveCfg = Release|Any CPU
		{A9FA5789-200A-4F1B-88CC-B4811448F48F}.Ad-Hoc|iPhone.Build.0 = Release|Any CPU
		{A9FA5789-200A-4F1B-88CC-B4811448F48F}.Ad-Hoc|iPhoneSimulator.ActiveCfg = Release|Any CPU
		{A9FA5789-200A-4F1B-88CC-B4811448F48F}.Ad-Hoc|iPhoneSimulator.Build.0 = Release|Any CPU
		{A9FA5789-200A-4F1B-88CC-B4811448F48F}.AppStore|Any CPU.ActiveCfg = Release|Any CPU
		{A9FA5789-200A-4F1B-88CC-B4811448F48F}.AppStore|Any CPU.Build.0 = Release|Any CPU
		{A9FA5789-200A-4F1B-88CC-B4811448F48F}.AppStore|iPhone.ActiveCfg = Release|Any CPU
		{A9FA5789-200A-4F1B-88CC-B4811448F48F}.AppStore|iPhone.Build.0 = Release|Any CPU
		{A9FA5789-200A-4F1B-88CC-B4811448F48F}.AppStore|iPhoneSimulator.ActiveCfg = Release|Any CPU
		{A9FA5789-200A-4F1B-88CC-B4811448F48F}.AppStore|iPhoneSimulator.Build.0 = Release|Any CPU
		{A9FA5789-200A-4F1B-88CC-B4811448F48F}.Debug|Any CPU.ActiveCfg = Debug|Any CPU
		{A9FA5789-200A-4F1B-88CC-B4811448F48F}.Debug|Any CPU.Build.0 = Debug|Any CPU
		{A9FA5789-200A-4F1B-88CC-B4811448F48F}.Debug|iPhone.ActiveCfg = Debug|Any CPU
		{A9FA5789-200A-4F1B-88CC-B4811448F48F}.Debug|iPhone.Build.0 = Debug|Any CPU
		{A9FA5789-200A-4F1B-88CC-B4811448F48F}.Debug|iPhoneSimulator.ActiveCfg = Debug|Any CPU
		{A9FA5789-200A-4F1B-88CC-B4811448F48F}.Debug|iPhoneSimulator.Build.0 = Debug|Any CPU
		{A9FA5789-200A-4F1B-88CC-B4811448F48F}.Release|Any CPU.ActiveCfg = Release|Any CPU
		{A9FA5789-200A-4F1B-88CC-B4811448F48F}.Release|Any CPU.Build.0 = Release|Any CPU
		{A9FA5789-200A-4F1B-88CC-B4811448F48F}.Release|iPhone.ActiveCfg = Release|Any CPU
		{A9FA5789-200A-4F1B-88CC-B4811448F48F}.Release|iPhone.Build.0 = Release|Any CPU
		{A9FA5789-200A-4F1B-88CC-B4811448F48F}.Release|iPhoneSimulator.ActiveCfg = Release|Any CPU
		{A9FA5789-200A-4F1B-88CC-B4811448F48F}.Release|iPhoneSimulator.Build.0 = Release|Any CPU
	EndGlobalSection
	GlobalSection(SolutionProperties) = preSolution
		HideSolutionNode = FALSE
	EndGlobalSection
	GlobalSection(ExtensibilityGlobals) = postSolution
		SolutionGuid = {115F2AFF-05D8-4F08-A4A1-5B3A76F4BEF4}
	EndGlobalSection
EndGlobal
